
Microsoft Visual Studio Solution File, Format Version 12.00
# Visual Studio Version 16
VisualStudioVersion = 16.0.31624.102
MinimumVisualStudioVersion = 10.0.40219.1
Project("{FAE04EC0-301F-11D3-BF4B-00C04F79EFBC}") = "MultiLanguageINIFiles", "MultiLanguageINIFiles.csproj", "{A3831C47-A4BC-453A-9146-94CDE5F7CB2A}"
EndProject
Global
	GlobalSection(SolutionConfigurationPlatforms) = preSolution
		Debug|Any CPU = Debug|Any CPU
		Release|Any CPU = Release|Any CPU
	EndGlobalSection
	GlobalSection(ProjectConfigurationPlatforms) = postSolution
		{A3831C47-A4BC-453A-9146-94CDE5F7CB2A}.Debug|Any CPU.ActiveCfg = Debug|Any CPU
		{A3831C47-A4BC-453A-9146-94CDE5F7CB2A}.Debug|Any CPU.Build.0 = Debug|Any CPU
		{A3831C47-A4BC-453A-9146-94CDE5F7CB2A}.Release|Any CPU.ActiveCfg = Release|Any CPU
		{A3831C47-A4BC-453A-9146-94CDE5F7CB2A}.Release|Any CPU.Build.0 = Release|Any CPU
	EndGlobalSection
	GlobalSection(SolutionProperties) = preSolution
		HideSolutionNode = FALSE
	EndGlobalSection
	GlobalSection(ExtensibilityGlobals) = postSolution
		SolutionGuid = {0F3FC7D9-117C-4837-B2E7-93EC988F784D}
	EndGlobalSection
EndGlobal
